// !$*UTF8*$!
{
	archiveVersion = 1;
	classes = {
	};
	objectVersion = 46;
	objects = {

/* Begin PBXBuildFile section */
		CD157BB8211284D1006E63A1 /* BackgroundView.swift in Sources */ = {isa = PBXBuildFile; fileRef = CD157BB7211284D1006E63A1 /* BackgroundView.swift */; };
		CD157BBA2112A21F006E63A1 /* MedalView.swift in Sources */ = {isa = PBXBuildFile; fileRef = CD157BB92112A21F006E63A1 /* MedalView.swift */; };
		CD1A20A72107C5A7009B51BB /* GraphView.swift in Sources */ = {isa = PBXBuildFile; fileRef = CD1A20A62107C5A7009B51BB /* GraphView.swift */; };
		CD2CDEAC21028AA6009E60B2 /* AppDelegate.swift in Sources */ = {isa = PBXBuildFile; fileRef = CD2CDEAB21028AA6009E60B2 /* AppDelegate.swift */; };
		CD2CDEAE21028AA6009E60B2 /* ViewController.swift in Sources */ = {isa = PBXBuildFile; fileRef = CD2CDEAD21028AA6009E60B2 /* ViewController.swift */; };
		CD2CDEB121028AA6009E60B2 /* Main.storyboard in Resources */ = {isa = PBXBuildFile; fileRef = CD2CDEAF21028AA6009E60B2 /* Main.storyboard */; };
		CD2CDEB321028AA6009E60B2 /* Assets.xcassets in Resources */ = {isa = PBXBuildFile; fileRef = CD2CDEB221028AA6009E60B2 /* Assets.xcassets */; };
		CD2CDEB621028AA6009E60B2 /* LaunchScreen.storyboard in Resources */ = {isa = PBXBuildFile; fileRef = CD2CDEB421028AA6009E60B2 /* LaunchScreen.storyboard */; };
		CD2CDEBE21028AF6009E60B2 /* PushButton.swift in Sources */ = {isa = PBXBuildFile; fileRef = CD2CDEBD21028AF6009E60B2 /* PushButton.swift */; };
		CD2CDEC22102B658009E60B2 /* CounterView.swift in Sources */ = {isa = PBXBuildFile; fileRef = CD2CDEC12102B658009E60B2 /* CounterView.swift */; };
/* End PBXBuildFile section */

/* Begin PBXFileReference section */
		CD157BB7211284D1006E63A1 /* BackgroundView.swift */ = {isa = PBXFileReference; fileEncoding = 4; lastKnownFileType = sourcecode.swift; path = BackgroundView.swift; sourceTree = "<group>"; };
		CD157BB92112A21F006E63A1 /* MedalView.swift */ = {isa = PBXFileReference; fileEncoding = 4; lastKnownFileType = sourcecode.swift; path = MedalView.swift; sourceTree = "<group>"; };
		CD1A20A62107C5A7009B51BB /* GraphView.swift */ = {isa = PBXFileReference; fileEncoding = 4; lastKnownFileType = sourcecode.swift; path = GraphView.swift; sourceTree = "<group>"; };
		CD2CDEA821028AA6009E60B2 /* Flo.app */ = {isa = PBXFileReference; explicitFileType = wrapper.application; includeInIndex = 0; path = Flo.app; sourceTree = BUILT_PRODUCTS_DIR; };
		CD2CDEAB21028AA6009E60B2 /* AppDelegate.swift */ = {isa = PBXFileReference; lastKnownFileType = sourcecode.swift; path = AppDelegate.swift; sourceTree = "<group>"; };
		CD2CDEAD21028AA6009E60B2 /* ViewController.swift */ = {isa = PBXFileReference; lastKnownFileType = sourcecode.swift; path = ViewController.swift; sourceTree = "<group>"; };
		CD2CDEB021028AA6009E60B2 /* Base */ = {isa = PBXFileReference; lastKnownFileType = file.storyboard; name = Base; path = Base.lproj/Main.storyboard; sourceTree = "<group>"; };
		CD2CDEB221028AA6009E60B2 /* Assets.xcassets */ = {isa = PBXFileReference; lastKnownFileType = folder.assetcatalog; path = Assets.xcassets; sourceTree = "<group>"; };
		CD2CDEB521028AA6009E60B2 /* Base */ = {isa = PBXFileReference; lastKnownFileType = file.storyboard; name = Base; path = Base.lproj/LaunchScreen.storyboard; sourceTree = "<group>"; };
		CD2CDEB721028AA6009E60B2 /* Info.plist */ = {isa = PBXFileReference; lastKnownFileType = text.plist.xml; path = Info.plist; sourceTree = "<group>"; };
		CD2CDEBD21028AF6009E60B2 /* PushButton.swift */ = {isa = PBXFileReference; fileEncoding = 4; lastKnownFileType = sourcecode.swift; path = PushButton.swift; sourceTree = "<group>"; };
		CD2CDEC12102B658009E60B2 /* CounterView.swift */ = {isa = PBXFileReference; fileEncoding = 4; lastKnownFileType = sourcecode.swift; path = CounterView.swift; sourceTree = "<group>"; };
/* End PBXFileReference section */

/* Begin PBXFrameworksBuildPhase section */
		CD2CDEA521028AA6009E60B2 /* Frameworks */ = {
			isa = PBXFrameworksBuildPhase;
			buildActionMask = 2147483647;
			files = (
			);
			runOnlyForDeploymentPostprocessing = 0;
		};
/* End PBXFrameworksBuildPhase section */

/* Begin PBXGroup section */
		CD2CDE9F21028AA6009E60B2 = {
			isa = PBXGroup;
			children = (
				CD2CDEAA21028AA6009E60B2 /* Flo */,
				CD2CDEA921028AA6009E60B2 /* Products */,
			);
			sourceTree = "<group>";
		};
		CD2CDEA921028AA6009E60B2 /* Products */ = {
			isa = PBXGroup;
			children = (
				CD2CDEA821028AA6009E60B2 /* Flo.app */,
			);
			name = Products;
			sourceTree = "<group>";
		};
		CD2CDEAA21028AA6009E60B2 /* Flo */ = {
			isa = PBXGroup;
			children = (
				CD2CDEAB21028AA6009E60B2 /* AppDelegate.swift */,
				CD157BB7211284D1006E63A1 /* BackgroundView.swift */,
				CD2CDEAD21028AA6009E60B2 /* ViewController.swift */,
				CD2CDEBD21028AF6009E60B2 /* PushButton.swift */,
				CD2CDEC12102B658009E60B2 /* CounterView.swift */,
				CD2CDEAF21028AA6009E60B2 /* Main.storyboard */,
				CD157BB92112A21F006E63A1 /* MedalView.swift */,
				CD1A20A62107C5A7009B51BB /* GraphView.swift */,
				CD2CDEB221028AA6009E60B2 /* Assets.xcassets */,
				CD2CDEB421028AA6009E60B2 /* LaunchScreen.storyboard */,
				CD2CDEB721028AA6009E60B2 /* Info.plist */,
			);
			path = Flo;
			sourceTree = "<group>";
		};
/* End PBXGroup section */

/* Begin PBXNativeTarget section */
		CD2CDEA721028AA6009E60B2 /* Flo */ = {
			isa = PBXNativeTarget;
			buildConfigurationList = CD2CDEBA21028AA6009E60B2 /* Build configuration list for PBXNativeTarget "Flo" */;
			buildPhases = (
				CD2CDEA421028AA6009E60B2 /* Sources */,
				CD2CDEA521028AA6009E60B2 /* Frameworks */,
				CD2CDEA621028AA6009E60B2 /* Resources */,
			);
			buildRules = (
			);
			dependencies = (
			);
			name = Flo;
			productName = Flo;
			productReference = CD2CDEA821028AA6009E60B2 /* Flo.app */;
			productType = "com.apple.product-type.application";
		};
/* End PBXNativeTarget section */

/* Begin PBXProject section */
		CD2CDEA021028AA6009E60B2 /* Project object */ = {
			isa = PBXProject;
			attributes = {
				LastSwiftUpdateCheck = 0820;
				LastUpgradeCheck = 0820;
				ORGANIZATIONNAME = "Trish Sieckman";
				TargetAttributes = {
					CD2CDEA721028AA6009E60B2 = {
						CreatedOnToolsVersion = 8.2.1;
						ProvisioningStyle = Automatic;
					};
				};
			};
			buildConfigurationList = CD2CDEA321028AA6009E60B2 /* Build configuration list for PBXProject "Flo" */;
			compatibilityVersion = "Xcode 3.2";
			developmentRegion = English;
			hasScannedForEncodings = 0;
			knownRegions = (
				en,
				Base,
			);
			mainGroup = CD2CDE9F21028AA6009E60B2;
			productRefGroup = CD2CDEA921028AA6009E60B2 /* Products */;
			projectDirPath = "";
			projectRoot = "";
			targets = (
				CD2CDEA721028AA6009E60B2 /* Flo */,
			);
		};
/* End PBXProject section */

/* Begin PBXResourcesBuildPhase section */
		CD2CDEA621028AA6009E60B2 /* Resources */ = {
			isa = PBXResourcesBuildPhase;
			buildActionMask = 2147483647;
			files = (
				CD2CDEB621028AA6009E60B2 /* LaunchScreen.storyboard in Resources */,
				CD2CDEB321028AA6009E60B2 /* Assets.xcassets in Resources */,
				CD2CDEB121028AA6009E60B2 /* Main.storyboard in Resources */,
			);
			runOnlyForDeploymentPostprocessing = 0;
		};
/* End PBXResourcesBuildPhase section */

/* Begin PBXSourcesBuildPhase section */
		CD2CDEA421028AA6009E60B2 /* Sources */ = {
			isa = PBXSourcesBuildPhase;
			buildActionMask = 2147483647;
			files = (
				CD157BB8211284D1006E63A1 /* BackgroundView.swift in Sources */,
				CD1A20A72107C5A7009B51BB /* GraphView.swift in Sources */,
				CD157BBA2112A21F006E63A1 /* MedalView.swift in Sources */,
				CD2CDEAE21028AA6009E60B2 /* ViewController.swift in Sources */,
				CD2CDEAC21028AA6009E60B2 /* AppDelegate.swift in Sources */,
				CD2CDEBE21028AF6009E60B2 /* PushButton.swift in Sources */,
				CD2CDEC22102B658009E60B2 /* CounterView.swift in Sources */,
			);
			runOnlyForDeploymentPostprocessing = 0;
		};
/* End PBXSourcesBuildPhase section */

/* Begin PBXVariantGroup section */
		CD2CDEAF21028AA6009E60B2 /* Main.storyboard */ = {
			isa = PBXVariantGroup;
			children = (
				CD2CDEB021028AA6009E60B2 /* Base */,
			);
			name = Main.storyboard;
			sourceTree = "<group>";
		};
		CD2CDEB421028AA6009E60B2 /* LaunchScreen.storyboard */ = {
			isa = PBXVariantGroup;
			children = (
				CD2CDEB521028AA6009E60B2 /* Base */,
			);
			name = LaunchScreen.storyboard;
			sourceTree = "<group>";
		};
/* End PBXVariantGroup section */

/* Begin XCBuildConfiguration section */
		CD2CDEB821028AA6009E60B2 /* Debug */ = {
			isa = XCBuildConfiguration;
			buildSettings = {
				ALWAYS_SEARCH_USER_PATHS = NO;
				CLANG_ANALYZER_NONNULL = YES;
				CLANG_CXX_LANGUAGE_STANDARD = "gnu++0x";
				CLANG_CXX_LIBRARY = "libc++";
				CLANG_ENABLE_MODULES = YES;
				CLANG_ENABLE_OBJC_ARC = YES;
				CLANG_WARN_BOOL_CONVERSION = YES;
				CLANG_WARN_CONSTANT_CONVERSION = YES;
				CLANG_WARN_DIRECT_OBJC_ISA_USAGE = YES_ERROR;
				CLANG_WARN_DOCUMENTATION_COMMENTS = YES;
				CLANG_WARN_EMPTY_BODY = YES;
				CLANG_WARN_ENUM_CONVERSION = YES;
				CLANG_WARN_INFINITE_RECURSION = YES;
				CLANG_WARN_INT_CONVERSION = YES;
				CLANG_WARN_OBJC_ROOT_CLASS = YES_ERROR;
				CLANG_WARN_SUSPICIOUS_MOVE = YES;
				CLANG_WARN_UNREACHABLE_CODE = YES;
				CLANG_WARN__DUPLICATE_METHOD_MATCH = YES;
				"CODE_SIGN_IDENTITY[sdk=iphoneos*]" = "iPhone Developer";
				COPY_PHASE_STRIP = NO;
				DEBUG_INFORMATION_FORMAT = dwarf;
				ENABLE_STRICT_OBJC_MSGSEND = YES;
				ENABLE_TESTABILITY = YES;
				GCC_C_LANGUAGE_STANDARD = gnu99;
				GCC_DYNAMIC_NO_PIC = NO;
				GCC_NO_COMMON_BLOCKS = YES;
				GCC_OPTIMIZATION_LEVEL = 0;
				GCC_PREPROCESSOR_DEFINITIONS = (
					"DEBUG=1",
					"$(inherited)",
				);
				GCC_WARN_64_TO_32_BIT_CONVERSION = YES;
				GCC_WARN_ABOUT_RETURN_TYPE = YES_ERROR;
				GCC_WARN_UNDECLARED_SELECTOR = YES;
				GCC_WARN_UNINITIALIZED_AUTOS = YES_AGGRESSIVE;
				GCC_WARN_UNUSED_FUNCTION = YES;
				GCC_WARN_UNUSED_VARIABLE = YES;
				IPHONEOS_DEPLOYMENT_TARGET = 10.2;
				MTL_ENABLE_DEBUG_INFO = YES;
				ONLY_ACTIVE_ARCH = YES;
				SDKROOT = iphoneos;
				SWIFT_ACTIVE_COMPILATION_CONDITIONS = DEBUG;
				SWIFT_OPTIMIZATION_LEVEL = "-Onone";
				TARGETED_DEVICE_FAMILY = "1,2";
			};
			name = Debug;
		};
		CD2CDEB921028AA6009E60B2 /* Release */ = {
			isa = XCBuildConfiguration;
			buildSettings = {
				ALWAYS_SEARCH_USER_PATHS = NO;
				CLANG_ANALYZER_NONNULL = YES;
				CLANG_CXX_LANGUAGE_STANDARD = "gnu++0x";
				CLANG_CXX_LIBRARY = "libc++";
				CLANG_ENABLE_MODULES = YES;
				CLANG_ENABLE_OBJC_ARC = YES;
				CLANG_WARN_BOOL_CONVERSION = YES;
				CLANG_WARN_CONSTANT_CONVERSION = YES;
				CLANG_WARN_DIRECT_OBJC_ISA_USAGE = YES_ERROR;
				CLANG_WARN_DOCUMENTATION_COMMENTS = YES;
				CLANG_WARN_EMPTY_BODY = YES;
				CLANG_WARN_ENUM_CONVERSION = YES;
				CLANG_WARN_INFINITE_RECURSION = YES;
				CLANG_WARN_INT_CONVERSION = YES;
				CLANG_WARN_OBJC_ROOT_CLASS = YES_ERROR;
				CLANG_WARN_SUSPICIOUS_MOVE = YES;
				CLANG_WARN_UNREACHABLE_CODE = YES;
				CLANG_WARN__DUPLICATE_METHOD_MATCH = YES;
				"CODE_SIGN_IDENTITY[sdk=iphoneos*]" = "iPhone Developer";
				COPY_PHASE_STRIP = NO;
				DEBUG_INFORMATION_FORMAT = "dwarf-with-dsym";
				ENABLE_NS_ASSERTIONS = NO;
				ENABLE_STRICT_OBJC_MSGSEND = YES;
				GCC_C_LANGUAGE_STANDARD = gnu99;
				GCC_NO_COMMON_BLOCKS = YES;
				GCC_WARN_64_TO_32_BIT_CONVERSION = YES;
				GCC_WARN_ABOUT_RETURN_TYPE = YES_ERROR;
				GCC_WARN_UNDECLARED_SELECTOR = YES;
				GCC_WARN_UNINITIALIZED_AUTOS = YES_AGGRESSIVE;
				GCC_WARN_UNUSED_FUNCTION = YES;
				GCC_WARN_UNUSED_VARIABLE = YES;
				IPHONEOS_DEPLOYMENT_TARGET = 10.2;
				MTL_ENABLE_DEBUG_INFO = NO;
				SDKROOT = iphoneos;
				SWIFT_OPTIMIZATION_LEVEL = "-Owholemodule";
				TARGETED_DEVICE_FAMILY = "1,2";
				VALIDATE_PRODUCT = YES;
			};
			name = Release;
		};
		CD2CDEBB21028AA6009E60B2 /* Debug */ = {
			isa = XCBuildConfiguration;
			buildSettings = {
				ASSETCATALOG_COMPILER_APPICON_NAME = AppIcon;
				INFOPLIST_FILE = Flo/Info.plist;
				LD_RUNPATH_SEARCH_PATHS = "$(inherited) @executable_path/Frameworks";
				PRODUCT_BUNDLE_IDENTIFIER = com.TrishSieckman.Flo;
				PRODUCT_NAME = "$(TARGET_NAME)";
				SWIFT_VERSION = 3.0;
			};
			name = Debug;
		};
		CD2CDEBC21028AA6009E60B2 /* Release */ = {
			isa = XCBuildConfiguration;
			buildSettings = {
				ASSETCATALOG_COMPILER_APPICON_NAME = AppIcon;
				INFOPLIST_FILE = Flo/Info.plist;
				LD_RUNPATH_SEARCH_PATHS = "$(inherited) @executable_path/Frameworks";
				PRODUCT_BUNDLE_IDENTIFIER = com.TrishSieckman.Flo;
				PRODUCT_NAME = "$(TARGET_NAME)";
				SWIFT_VERSION = 3.0;
			};
			name = Release;
		};
/* End XCBuildConfiguration section */

/* Begin XCConfigurationList section */
		CD2CDEA321028AA6009E60B2 /* Build configuration list for PBXProject "Flo" */ = {
			isa = XCConfigurationList;
			buildConfigurations = (
				CD2CDEB821028AA6009E60B2 /* Debug */,
				CD2CDEB921028AA6009E60B2 /* Release */,
			);
			defaultConfigurationIsVisible = 0;
			defaultConfigurationName = Release;
		};
		CD2CDEBA21028AA6009E60B2 /* Build configuration list for PBXNativeTarget "Flo" */ = {
			isa = XCConfigurationList;
			buildConfigurations = (
				CD2CDEBB21028AA6009E60B2 /* Debug */,
				CD2CDEBC21028AA6009E60B2 /* Release */,
			);
			defaultConfigurationIsVisible = 0;
			defaultConfigurationName = Release;
		};
/* End XCConfigurationList section */
	};
	rootObject = CD2CDEA021028AA6009E60B2 /* Project object */;
}
